
Microsoft Visual Studio Solution File, Format Version 12.00
# Visual Studio Version 17
VisualStudioVersion = 17.8.34322.80
MinimumVisualStudioVersion = 10.0.40219.1
Project("{2150E333-8FDC-42A3-9474-1A3956D46DE8}") = "src", "src", "{506B3A51-C65B-4CFE-B28E-2074AAB10EB1}"
EndProject
Project("{2150E333-8FDC-42A3-9474-1A3956D46DE8}") = "tests", "tests", "{6A380291-75A7-48A0-B131-5DC85533D461}"
EndProject
Project("{2150E333-8FDC-42A3-9474-1A3956D46DE8}") = "Solution Items", "Solution Items", "{E2DA20AA-28D1-455C-BF50-C49A8F831633}"
	ProjectSection(SolutionItems) = preProject
		.editorconfig = .editorconfig
		.gitignore = .gitignore
		Directory.Build.props = Directory.Build.props
		Directory.Packages.props = Directory.Packages.props
		global.json = global.json
		README.md = README.md
	EndProjectSection
EndProject
Project("{FAE04EC0-301F-11D3-BF4B-00C04F79EFBC}") = "Domain", "Domain\Domain.csproj", "{23EDE2FA-4DE6-41B6-AC6B-801FFCFFD6C0}"
EndProject
Project("{FAE04EC0-301F-11D3-BF4B-00C04F79EFBC}") = "Infra", "Infra\Infra.csproj", "{6C0A29A8-A42B-43F8-A9F8-9FC3076258A3}"
EndProject
Project("{FAE04EC0-301F-11D3-BF4B-00C04F79EFBC}") = "App", "App\App.csproj", "{511D38BE-855D-416F-AF55-A58DAE36DF06}"
EndProject
Global
	GlobalSection(SolutionConfigurationPlatforms) = preSolution
		Debug|Any CPU = Debug|Any CPU
		Release|Any CPU = Release|Any CPU
	EndGlobalSection
	GlobalSection(ProjectConfigurationPlatforms) = postSolution
		{23EDE2FA-4DE6-41B6-AC6B-801FFCFFD6C0}.Debug|Any CPU.ActiveCfg = Debug|Any CPU
		{23EDE2FA-4DE6-41B6-AC6B-801FFCFFD6C0}.Debug|Any CPU.Build.0 = Debug|Any CPU
		{23EDE2FA-4DE6-41B6-AC6B-801FFCFFD6C0}.Release|Any CPU.ActiveCfg = Release|Any CPU
		{23EDE2FA-4DE6-41B6-AC6B-801FFCFFD6C0}.Release|Any CPU.Build.0 = Release|Any CPU
		{6C0A29A8-A42B-43F8-A9F8-9FC3076258A3}.Debug|Any CPU.ActiveCfg = Debug|Any CPU
		{6C0A29A8-A42B-43F8-A9F8-9FC3076258A3}.Debug|Any CPU.Build.0 = Debug|Any CPU
		{6C0A29A8-A42B-43F8-A9F8-9FC3076258A3}.Release|Any CPU.ActiveCfg = Release|Any CPU
		{6C0A29A8-A42B-43F8-A9F8-9FC3076258A3}.Release|Any CPU.Build.0 = Release|Any CPU
		{511D38BE-855D-416F-AF55-A58DAE36DF06}.Debug|Any CPU.ActiveCfg = Debug|Any CPU
		{511D38BE-855D-416F-AF55-A58DAE36DF06}.Debug|Any CPU.Build.0 = Debug|Any CPU
		{511D38BE-855D-416F-AF55-A58DAE36DF06}.Release|Any CPU.ActiveCfg = Release|Any CPU
		{511D38BE-855D-416F-AF55-A58DAE36DF06}.Release|Any CPU.Build.0 = Release|Any CPU
	EndGlobalSection
	GlobalSection(SolutionProperties) = preSolution
		HideSolutionNode = FALSE
	EndGlobalSection
	GlobalSection(NestedProjects) = preSolution
		{23EDE2FA-4DE6-41B6-AC6B-801FFCFFD6C0} = {506B3A51-C65B-4CFE-B28E-2074AAB10EB1}
		{6C0A29A8-A42B-43F8-A9F8-9FC3076258A3} = {506B3A51-C65B-4CFE-B28E-2074AAB10EB1}
		{511D38BE-855D-416F-AF55-A58DAE36DF06} = {506B3A51-C65B-4CFE-B28E-2074AAB10EB1}
	EndGlobalSection
	GlobalSection(ExtensibilityGlobals) = postSolution
		SolutionGuid = {BC820E8B-8553-4691-8163-565A6F91F2FD}
	EndGlobalSection
EndGlobal
